
Microsoft Visual Studio Solution File, Format Version 12.00
# Blend for Visual Studio Version 16
VisualStudioVersion = 16.0.29926.136
MinimumVisualStudioVersion = 10.0.40219.1
Project("{FAE04EC0-301F-11D3-BF4B-00C04F79EFBC}") = "XMLAnalysis", "XMLAnalysis\XMLAnalysis.csproj", "{A50E46FF-0A00-4EFC-AE1D-27DD65BEB922}"
EndProject
Global
	GlobalSection(SolutionConfigurationPlatforms) = preSolution
		Debug|Any CPU = Debug|Any CPU
		Release|Any CPU = Release|Any CPU
	EndGlobalSection
	GlobalSection(ProjectConfigurationPlatforms) = postSolution
		{A50E46FF-0A00-4EFC-AE1D-27DD65BEB922}.Debug|Any CPU.ActiveCfg = Debug|Any CPU
		{A50E46FF-0A00-4EFC-AE1D-27DD65BEB922}.Debug|Any CPU.Build.0 = Debug|Any CPU
		{A50E46FF-0A00-4EFC-AE1D-27DD65BEB922}.Release|Any CPU.ActiveCfg = Release|Any CPU
		{A50E46FF-0A00-4EFC-AE1D-27DD65BEB922}.Release|Any CPU.Build.0 = Release|Any CPU
	EndGlobalSection
	GlobalSection(SolutionProperties) = preSolution
		HideSolutionNode = FALSE
	EndGlobalSection
	GlobalSection(ExtensibilityGlobals) = postSolution
		SolutionGuid = {F7D96F2C-DF85-4AE6-B96E-F2267310B7EA}
	EndGlobalSection
EndGlobal
